// !$*UTF8*$!
{
	archiveVersion = 1;
	classes = {
	};
	objectVersion = 55;
	objects = {

/* Begin PBXBuildFile section */
		59FCE0B1271DB5BF00F74F68 /* AppDelegate.swift in Sources */ = {isa = PBXBuildFile; fileRef = 59FCE0B0271DB5BF00F74F68 /* AppDelegate.swift */; };
		59FCE0B3271DB5BF00F74F68 /* SceneDelegate.swift in Sources */ = {isa = PBXBuildFile; fileRef = 59FCE0B2271DB5BF00F74F68 /* SceneDelegate.swift */; };
		59FCE0BB271DB5BF00F74F68 /* SuperMail.xcdatamodeld in Sources */ = {isa = PBXBuildFile; fileRef = 59FCE0B9271DB5BF00F74F68 /* SuperMail.xcdatamodeld */; };
		59FCE0BD271DB5C100F74F68 /* Assets.xcassets in Resources */ = {isa = PBXBuildFile; fileRef = 59FCE0BC271DB5C100F74F68 /* Assets.xcassets */; };
		59FCE0C0271DB5C100F74F68 /* LaunchScreen.storyboard in Resources */ = {isa = PBXBuildFile; fileRef = 59FCE0BE271DB5C100F74F68 /* LaunchScreen.storyboard */; };
		59FCE0C8271EFF7300F74F68 /* SplitViewController.swift in Sources */ = {isa = PBXBuildFile; fileRef = 59FCE0C7271EFF7300F74F68 /* SplitViewController.swift */; };
		59FCE0CA271F012400F74F68 /* MailListViewController.swift in Sources */ = {isa = PBXBuildFile; fileRef = 59FCE0C9271F012400F74F68 /* MailListViewController.swift */; };
		59FCE0CC271F014300F74F68 /* MailDetailViewController.swift in Sources */ = {isa = PBXBuildFile; fileRef = 59FCE0CB271F014300F74F68 /* MailDetailViewController.swift */; };
		59FCE0CE271F27E700F74F68 /* MailModel.swift in Sources */ = {isa = PBXBuildFile; fileRef = 59FCE0CD271F27E700F74F68 /* MailModel.swift */; };
		59FCE0D0271F2E0F00F74F68 /* MailNetworkService.swift in Sources */ = {isa = PBXBuildFile; fileRef = 59FCE0CF271F2E0F00F74F68 /* MailNetworkService.swift */; };
		59FCE0D3271F759000F74F68 /* MailURLProtocol.swift in Sources */ = {isa = PBXBuildFile; fileRef = 59FCE0D2271F759000F74F68 /* MailURLProtocol.swift */; };
		59FCE0D5271F8D6C00F74F68 /* MailCoreDataController.swift in Sources */ = {isa = PBXBuildFile; fileRef = 59FCE0D4271F8D6C00F74F68 /* MailCoreDataController.swift */; };
		59FCE0D8272F2CF100F74F68 /* MailListNetworkModel.swift in Sources */ = {isa = PBXBuildFile; fileRef = 59FCE0D7272F2CF100F74F68 /* MailListNetworkModel.swift */; };
		59FCE0DA272F2CFD00F74F68 /* MailContentNetworkModel.swift in Sources */ = {isa = PBXBuildFile; fileRef = 59FCE0D9272F2CFD00F74F68 /* MailContentNetworkModel.swift */; };
		59FCE0DC272F622100F74F68 /* MailServices.swift in Sources */ = {isa = PBXBuildFile; fileRef = 59FCE0DB272F622100F74F68 /* MailServices.swift */; };
		59FCE0DE272F64C000F74F68 /* User.swift in Sources */ = {isa = PBXBuildFile; fileRef = 59FCE0DD272F64C000F74F68 /* User.swift */; };
		59FCE0E0272F706A00F74F68 /* MailListRequest.swift in Sources */ = {isa = PBXBuildFile; fileRef = 59FCE0DF272F706A00F74F68 /* MailListRequest.swift */; };
		59FCE0E2272F707900F74F68 /* MailDetailRequest.swift in Sources */ = {isa = PBXBuildFile; fileRef = 59FCE0E1272F707900F74F68 /* MailDetailRequest.swift */; };
		59FCE0E4272F70E300F74F68 /* RequestProtocol.swift in Sources */ = {isa = PBXBuildFile; fileRef = 59FCE0E3272F70E300F74F68 /* RequestProtocol.swift */; };
		59FCE0EA272F771F00F74F68 /* mailList.json in Resources */ = {isa = PBXBuildFile; fileRef = 59FCE0E6272F771F00F74F68 /* mailList.json */; };
		59FCE0EB272F771F00F74F68 /* mailContent.json in Resources */ = {isa = PBXBuildFile; fileRef = 59FCE0E7272F771F00F74F68 /* mailContent.json */; };
		59FCE0EC272F771F00F74F68 /* mailListPart1.json in Resources */ = {isa = PBXBuildFile; fileRef = 59FCE0E8272F771F00F74F68 /* mailListPart1.json */; };
		59FCE0ED272F771F00F74F68 /* mailListPart2.json in Resources */ = {isa = PBXBuildFile; fileRef = 59FCE0E9272F771F00F74F68 /* mailListPart2.json */; };
		59FCE0EF27305F2600F74F68 /* NetworkURLSession.swift in Sources */ = {isa = PBXBuildFile; fileRef = 59FCE0EE27305F2600F74F68 /* NetworkURLSession.swift */; };
		59FCE0F5273096BA00F74F68 /* notifiedNewMail.json in Resources */ = {isa = PBXBuildFile; fileRef = 59FCE0F4273096BA00F74F68 /* notifiedNewMail.json */; };
		59FCE0F82730B40A00F74F68 /* MailInfoModel.swift in Sources */ = {isa = PBXBuildFile; fileRef = 59FCE0F72730B40A00F74F68 /* MailInfoModel.swift */; };
		59FCE0FA2730B41A00F74F68 /* MailContentModel.swift in Sources */ = {isa = PBXBuildFile; fileRef = 59FCE0F92730B41A00F74F68 /* MailContentModel.swift */; };
		59FCE0FC27334AD500F74F68 /* MailDecodableProtocol.swift in Sources */ = {isa = PBXBuildFile; fileRef = 59FCE0FB27334AD500F74F68 /* MailDecodableProtocol.swift */; };
		59FCE0FE27334B2800F74F68 /* NetworkError.swift in Sources */ = {isa = PBXBuildFile; fileRef = 59FCE0FD27334B2800F74F68 /* NetworkError.swift */; };
		59FCE1002738229400F74F68 /* MailProvider.swift in Sources */ = {isa = PBXBuildFile; fileRef = 59FCE0FF2738229300F74F68 /* MailProvider.swift */; };
/* End PBXBuildFile section */

/* Begin PBXFileReference section */
		59FCE0AD271DB5BF00F74F68 /* SuperMail.app */ = {isa = PBXFileReference; explicitFileType = wrapper.application; includeInIndex = 0; path = SuperMail.app; sourceTree = BUILT_PRODUCTS_DIR; };
		59FCE0B0271DB5BF00F74F68 /* AppDelegate.swift */ = {isa = PBXFileReference; lastKnownFileType = sourcecode.swift; path = AppDelegate.swift; sourceTree = "<group>"; };
		59FCE0B2271DB5BF00F74F68 /* SceneDelegate.swift */ = {isa = PBXFileReference; lastKnownFileType = sourcecode.swift; path = SceneDelegate.swift; sourceTree = "<group>"; };
		59FCE0BA271DB5BF00F74F68 /* SuperMail.xcdatamodel */ = {isa = PBXFileReference; lastKnownFileType = wrapper.xcdatamodel; path = SuperMail.xcdatamodel; sourceTree = "<group>"; };
		59FCE0BC271DB5C100F74F68 /* Assets.xcassets */ = {isa = PBXFileReference; lastKnownFileType = folder.assetcatalog; path = Assets.xcassets; sourceTree = "<group>"; };
		59FCE0BF271DB5C100F74F68 /* Base */ = {isa = PBXFileReference; lastKnownFileType = file.storyboard; name = Base; path = Base.lproj/LaunchScreen.storyboard; sourceTree = "<group>"; };
		59FCE0C1271DB5C100F74F68 /* Info.plist */ = {isa = PBXFileReference; lastKnownFileType = text.plist.xml; path = Info.plist; sourceTree = "<group>"; };
		59FCE0C7271EFF7300F74F68 /* SplitViewController.swift */ = {isa = PBXFileReference; lastKnownFileType = sourcecode.swift; path = SplitViewController.swift; sourceTree = "<group>"; };
		59FCE0C9271F012400F74F68 /* MailListViewController.swift */ = {isa = PBXFileReference; lastKnownFileType = sourcecode.swift; path = MailListViewController.swift; sourceTree = "<group>"; };
		59FCE0CB271F014300F74F68 /* MailDetailViewController.swift */ = {isa = PBXFileReference; lastKnownFileType = sourcecode.swift; path = MailDetailViewController.swift; sourceTree = "<group>"; };
		59FCE0CD271F27E700F74F68 /* MailModel.swift */ = {isa = PBXFileReference; lastKnownFileType = sourcecode.swift; path = MailModel.swift; sourceTree = "<group>"; };
		59FCE0CF271F2E0F00F74F68 /* MailNetworkService.swift */ = {isa = PBXFileReference; lastKnownFileType = sourcecode.swift; path = MailNetworkService.swift; sourceTree = "<group>"; };
		59FCE0D2271F759000F74F68 /* MailURLProtocol.swift */ = {isa = PBXFileReference; lastKnownFileType = sourcecode.swift; path = MailURLProtocol.swift; sourceTree = "<group>"; };
		59FCE0D4271F8D6C00F74F68 /* MailCoreDataController.swift */ = {isa = PBXFileReference; lastKnownFileType = sourcecode.swift; path = MailCoreDataController.swift; sourceTree = "<group>"; };
		59FCE0D7272F2CF100F74F68 /* MailListNetworkModel.swift */ = {isa = PBXFileReference; lastKnownFileType = sourcecode.swift; path = MailListNetworkModel.swift; sourceTree = "<group>"; };
		59FCE0D9272F2CFD00F74F68 /* MailContentNetworkModel.swift */ = {isa = PBXFileReference; lastKnownFileType = sourcecode.swift; path = MailContentNetworkModel.swift; sourceTree = "<group>"; };
		59FCE0DB272F622100F74F68 /* MailServices.swift */ = {isa = PBXFileReference; lastKnownFileType = sourcecode.swift; path = MailServices.swift; sourceTree = "<group>"; };
		59FCE0DD272F64C000F74F68 /* User.swift */ = {isa = PBXFileReference; lastKnownFileType = sourcecode.swift; path = User.swift; sourceTree = "<group>"; };
		59FCE0DF272F706A00F74F68 /* MailListRequest.swift */ = {isa = PBXFileReference; lastKnownFileType = sourcecode.swift; path = MailListRequest.swift; sourceTree = "<group>"; };
		59FCE0E1272F707900F74F68 /* MailDetailRequest.swift */ = {isa = PBXFileReference; lastKnownFileType = sourcecode.swift; path = MailDetailRequest.swift; sourceTree = "<group>"; };
		59FCE0E3272F70E300F74F68 /* RequestProtocol.swift */ = {isa = PBXFileReference; lastKnownFileType = sourcecode.swift; path = RequestProtocol.swift; sourceTree = "<group>"; };
		59FCE0E6272F771F00F74F68 /* mailList.json */ = {isa = PBXFileReference; fileEncoding = 4; lastKnownFileType = text.json; path = mailList.json; sourceTree = "<group>"; };
		59FCE0E7272F771F00F74F68 /* mailContent.json */ = {isa = PBXFileReference; fileEncoding = 4; lastKnownFileType = text.json; path = mailContent.json; sourceTree = "<group>"; };
		59FCE0E8272F771F00F74F68 /* mailListPart1.json */ = {isa = PBXFileReference; fileEncoding = 4; lastKnownFileType = text.json; path = mailListPart1.json; sourceTree = "<group>"; };
		59FCE0E9272F771F00F74F68 /* mailListPart2.json */ = {isa = PBXFileReference; fileEncoding = 4; lastKnownFileType = text.json; path = mailListPart2.json; sourceTree = "<group>"; };
		59FCE0EE27305F2600F74F68 /* NetworkURLSession.swift */ = {isa = PBXFileReference; lastKnownFileType = sourcecode.swift; path = NetworkURLSession.swift; sourceTree = "<group>"; };
		59FCE0F4273096BA00F74F68 /* notifiedNewMail.json */ = {isa = PBXFileReference; fileEncoding = 4; lastKnownFileType = text.json; path = notifiedNewMail.json; sourceTree = "<group>"; };
		59FCE0F72730B40A00F74F68 /* MailInfoModel.swift */ = {isa = PBXFileReference; lastKnownFileType = sourcecode.swift; path = MailInfoModel.swift; sourceTree = "<group>"; };
		59FCE0F92730B41A00F74F68 /* MailContentModel.swift */ = {isa = PBXFileReference; lastKnownFileType = sourcecode.swift; path = MailContentModel.swift; sourceTree = "<group>"; };
		59FCE0FB27334AD500F74F68 /* MailDecodableProtocol.swift */ = {isa = PBXFileReference; lastKnownFileType = sourcecode.swift; path = MailDecodableProtocol.swift; sourceTree = "<group>"; };
		59FCE0FD27334B2800F74F68 /* NetworkError.swift */ = {isa = PBXFileReference; lastKnownFileType = sourcecode.swift; path = NetworkError.swift; sourceTree = "<group>"; };
		59FCE0FF2738229300F74F68 /* MailProvider.swift */ = {isa = PBXFileReference; lastKnownFileType = sourcecode.swift; path = MailProvider.swift; sourceTree = "<group>"; };
/* End PBXFileReference section */

/* Begin PBXFrameworksBuildPhase section */
		59FCE0AA271DB5BF00F74F68 /* Frameworks */ = {
			isa = PBXFrameworksBuildPhase;
			buildActionMask = 2147483647;
			files = (
			);
			runOnlyForDeploymentPostprocessing = 0;
		};
/* End PBXFrameworksBuildPhase section */

/* Begin PBXGroup section */
		59FCE0A4271DB5BF00F74F68 = {
			isa = PBXGroup;
			children = (
				59FCE0E5272F770700F74F68 /* Resources */,
				59FCE0AF271DB5BF00F74F68 /* SuperMail */,
				59FCE0AE271DB5BF00F74F68 /* Products */,
			);
			sourceTree = "<group>";
		};
		59FCE0AE271DB5BF00F74F68 /* Products */ = {
			isa = PBXGroup;
			children = (
				59FCE0AD271DB5BF00F74F68 /* SuperMail.app */,
			);
			name = Products;
			sourceTree = "<group>";
		};
		59FCE0AF271DB5BF00F74F68 /* SuperMail */ = {
			isa = PBXGroup;
			children = (
				59FCE0F32730938100F74F68 /* Persistance */,
				59FCE0F0273076EF00F74F68 /* Network */,
				59FCE0D1271F2E1C00F74F68 /* Models */,
				59FCE0B0271DB5BF00F74F68 /* AppDelegate.swift */,
				59FCE0B2271DB5BF00F74F68 /* SceneDelegate.swift */,
				59FCE0CD271F27E700F74F68 /* MailModel.swift */,
				59FCE0C9271F012400F74F68 /* MailListViewController.swift */,
				59FCE0CB271F014300F74F68 /* MailDetailViewController.swift */,
				59FCE0C7271EFF7300F74F68 /* SplitViewController.swift */,
				59FCE0BC271DB5C100F74F68 /* Assets.xcassets */,
				59FCE0BE271DB5C100F74F68 /* LaunchScreen.storyboard */,
				59FCE0C1271DB5C100F74F68 /* Info.plist */,
			);
			path = SuperMail;
			sourceTree = "<group>";
		};
		59FCE0D1271F2E1C00F74F68 /* Models */ = {
			isa = PBXGroup;
			children = (
				59FCE0DD272F64C000F74F68 /* User.swift */,
				59FCE0F72730B40A00F74F68 /* MailInfoModel.swift */,
				59FCE0F92730B41A00F74F68 /* MailContentModel.swift */,
			);
			path = Models;
			sourceTree = "<group>";
		};
		59FCE0E5272F770700F74F68 /* Resources */ = {
			isa = PBXGroup;
			children = (
				59FCE0E7272F771F00F74F68 /* mailContent.json */,
				59FCE0E6272F771F00F74F68 /* mailList.json */,
				59FCE0F4273096BA00F74F68 /* notifiedNewMail.json */,
				59FCE0E8272F771F00F74F68 /* mailListPart1.json */,
				59FCE0E9272F771F00F74F68 /* mailListPart2.json */,
			);
			path = Resources;
			sourceTree = "<group>";
		};
		59FCE0F0273076EF00F74F68 /* Network */ = {
			isa = PBXGroup;
			children = (
				59FCE0F62730B24000F74F68 /* Mock */,
				59FCE0F227307DF700F74F68 /* Models */,
				59FCE0F12730789D00F74F68 /* Requests */,
				59FCE0EE27305F2600F74F68 /* NetworkURLSession.swift */,
				59FCE0CF271F2E0F00F74F68 /* MailNetworkService.swift */,
				59FCE0FD27334B2800F74F68 /* NetworkError.swift */,
				59FCE0DB272F622100F74F68 /* MailServices.swift */,
			);
			path = Network;
			sourceTree = "<group>";
		};
		59FCE0F12730789D00F74F68 /* Requests */ = {
			isa = PBXGroup;
			children = (
				59FCE0E3272F70E300F74F68 /* RequestProtocol.swift */,
				59FCE0E1272F707900F74F68 /* MailDetailRequest.swift */,
				59FCE0DF272F706A00F74F68 /* MailListRequest.swift */,
			);
			path = Requests;
			sourceTree = "<group>";
		};
		59FCE0F227307DF700F74F68 /* Models */ = {
			isa = PBXGroup;
			children = (
				59FCE0D7272F2CF100F74F68 /* MailListNetworkModel.swift */,
				59FCE0FB27334AD500F74F68 /* MailDecodableProtocol.swift */,
				59FCE0D9272F2CFD00F74F68 /* MailContentNetworkModel.swift */,
			);
			path = Models;
			sourceTree = "<group>";
		};
		59FCE0F32730938100F74F68 /* Persistance */ = {
			isa = PBXGroup;
			children = (
				59FCE0B9271DB5BF00F74F68 /* SuperMail.xcdatamodeld */,
				59FCE0D4271F8D6C00F74F68 /* MailCoreDataController.swift */,
				59FCE0FF2738229300F74F68 /* MailProvider.swift */,
			);
			path = Persistance;
			sourceTree = "<group>";
		};
		59FCE0F62730B24000F74F68 /* Mock */ = {
			isa = PBXGroup;
			children = (
				59FCE0D2271F759000F74F68 /* MailURLProtocol.swift */,
			);
			path = Mock;
			sourceTree = "<group>";
		};
/* End PBXGroup section */

/* Begin PBXNativeTarget section */
		59FCE0AC271DB5BF00F74F68 /* SuperMail */ = {
			isa = PBXNativeTarget;
			buildConfigurationList = 59FCE0C4271DB5C100F74F68 /* Build configuration list for PBXNativeTarget "SuperMail" */;
			buildPhases = (
				59FCE0A9271DB5BF00F74F68 /* Sources */,
				59FCE0AA271DB5BF00F74F68 /* Frameworks */,
				59FCE0AB271DB5BF00F74F68 /* Resources */,
			);
			buildRules = (
			);
			dependencies = (
			);
			name = SuperMail;
			productName = SuperMail;
			productReference = 59FCE0AD271DB5BF00F74F68 /* SuperMail.app */;
			productType = "com.apple.product-type.application";
		};
/* End PBXNativeTarget section */

/* Begin PBXProject section */
		59FCE0A5271DB5BF00F74F68 /* Project object */ = {
			isa = PBXProject;
			attributes = {
				BuildIndependentTargetsInParallel = 1;
				LastSwiftUpdateCheck = 1300;
				LastUpgradeCheck = 1300;
				TargetAttributes = {
					59FCE0AC271DB5BF00F74F68 = {
						CreatedOnToolsVersion = 13.0;
					};
				};
			};
			buildConfigurationList = 59FCE0A8271DB5BF00F74F68 /* Build configuration list for PBXProject "SuperMail" */;
			compatibilityVersion = "Xcode 13.0";
			developmentRegion = en;
			hasScannedForEncodings = 0;
			knownRegions = (
				en,
				Base,
			);
			mainGroup = 59FCE0A4271DB5BF00F74F68;
			productRefGroup = 59FCE0AE271DB5BF00F74F68 /* Products */;
			projectDirPath = "";
			projectRoot = "";
			targets = (
				59FCE0AC271DB5BF00F74F68 /* SuperMail */,
			);
		};
/* End PBXProject section */

/* Begin PBXResourcesBuildPhase section */
		59FCE0AB271DB5BF00F74F68 /* Resources */ = {
			isa = PBXResourcesBuildPhase;
			buildActionMask = 2147483647;
			files = (
				59FCE0ED272F771F00F74F68 /* mailListPart2.json in Resources */,
				59FCE0EC272F771F00F74F68 /* mailListPart1.json in Resources */,
				59FCE0EA272F771F00F74F68 /* mailList.json in Resources */,
				59FCE0F5273096BA00F74F68 /* notifiedNewMail.json in Resources */,
				59FCE0C0271DB5C100F74F68 /* LaunchScreen.storyboard in Resources */,
				59FCE0EB272F771F00F74F68 /* mailContent.json in Resources */,
				59FCE0BD271DB5C100F74F68 /* Assets.xcassets in Resources */,
			);
			runOnlyForDeploymentPostprocessing = 0;
		};
/* End PBXResourcesBuildPhase section */

/* Begin PBXSourcesBuildPhase section */
		59FCE0A9271DB5BF00F74F68 /* Sources */ = {
			isa = PBXSourcesBuildPhase;
			buildActionMask = 2147483647;
			files = (
				59FCE0C8271EFF7300F74F68 /* SplitViewController.swift in Sources */,
				59FCE0E2272F707900F74F68 /* MailDetailRequest.swift in Sources */,
				59FCE0D0271F2E0F00F74F68 /* MailNetworkService.swift in Sources */,
				59FCE0BB271DB5BF00F74F68 /* SuperMail.xcdatamodeld in Sources */,
				59FCE1002738229400F74F68 /* MailProvider.swift in Sources */,
				59FCE0FC27334AD500F74F68 /* MailDecodableProtocol.swift in Sources */,
				59FCE0CA271F012400F74F68 /* MailListViewController.swift in Sources */,
				59FCE0F82730B40A00F74F68 /* MailInfoModel.swift in Sources */,
				59FCE0D3271F759000F74F68 /* MailURLProtocol.swift in Sources */,
				59FCE0B1271DB5BF00F74F68 /* AppDelegate.swift in Sources */,
				59FCE0FE27334B2800F74F68 /* NetworkError.swift in Sources */,
				59FCE0FA2730B41A00F74F68 /* MailContentModel.swift in Sources */,
				59FCE0DE272F64C000F74F68 /* User.swift in Sources */,
				59FCE0CC271F014300F74F68 /* MailDetailViewController.swift in Sources */,
				59FCE0D5271F8D6C00F74F68 /* MailCoreDataController.swift in Sources */,
				59FCE0DC272F622100F74F68 /* MailServices.swift in Sources */,
				59FCE0EF27305F2600F74F68 /* NetworkURLSession.swift in Sources */,
				59FCE0DA272F2CFD00F74F68 /* MailContentNetworkModel.swift in Sources */,
				59FCE0B3271DB5BF00F74F68 /* SceneDelegate.swift in Sources */,
				59FCE0E0272F706A00F74F68 /* MailListRequest.swift in Sources */,
				59FCE0CE271F27E700F74F68 /* MailModel.swift in Sources */,
				59FCE0E4272F70E300F74F68 /* RequestProtocol.swift in Sources */,
				59FCE0D8272F2CF100F74F68 /* MailListNetworkModel.swift in Sources */,
			);
			runOnlyForDeploymentPostprocessing = 0;
		};
/* End PBXSourcesBuildPhase section */

/* Begin PBXVariantGroup section */
		59FCE0BE271DB5C100F74F68 /* LaunchScreen.storyboard */ = {
			isa = PBXVariantGroup;
			children = (
				59FCE0BF271DB5C100F74F68 /* Base */,
			);
			name = LaunchScreen.storyboard;
			sourceTree = "<group>";
		};
/* End PBXVariantGroup section */

/* Begin XCBuildConfiguration section */
		59FCE0C2271DB5C100F74F68 /* Debug */ = {
			isa = XCBuildConfiguration;
			buildSettings = {
				ALWAYS_SEARCH_USER_PATHS = NO;
				CLANG_ANALYZER_NONNULL = YES;
				CLANG_ANALYZER_NUMBER_OBJECT_CONVERSION = YES_AGGRESSIVE;
				CLANG_CXX_LANGUAGE_STANDARD = "gnu++17";
				CLANG_CXX_LIBRARY = "libc++";
				CLANG_ENABLE_MODULES = YES;
				CLANG_ENABLE_OBJC_ARC = YES;
				CLANG_ENABLE_OBJC_WEAK = YES;
				CLANG_WARN_BLOCK_CAPTURE_AUTORELEASING = YES;
				CLANG_WARN_BOOL_CONVERSION = YES;
				CLANG_WARN_COMMA = YES;
				CLANG_WARN_CONSTANT_CONVERSION = YES;
				CLANG_WARN_DEPRECATED_OBJC_IMPLEMENTATIONS = YES;
				CLANG_WARN_DIRECT_OBJC_ISA_USAGE = YES_ERROR;
				CLANG_WARN_DOCUMENTATION_COMMENTS = YES;
				CLANG_WARN_EMPTY_BODY = YES;
				CLANG_WARN_ENUM_CONVERSION = YES;
				CLANG_WARN_INFINITE_RECURSION = YES;
				CLANG_WARN_INT_CONVERSION = YES;
				CLANG_WARN_NON_LITERAL_NULL_CONVERSION = YES;
				CLANG_WARN_OBJC_IMPLICIT_RETAIN_SELF = YES;
				CLANG_WARN_OBJC_LITERAL_CONVERSION = YES;
				CLANG_WARN_OBJC_ROOT_CLASS = YES_ERROR;
				CLANG_WARN_QUOTED_INCLUDE_IN_FRAMEWORK_HEADER = YES;
				CLANG_WARN_RANGE_LOOP_ANALYSIS = YES;
				CLANG_WARN_STRICT_PROTOTYPES = YES;
				CLANG_WARN_SUSPICIOUS_MOVE = YES;
				CLANG_WARN_UNGUARDED_AVAILABILITY = YES_AGGRESSIVE;
				CLANG_WARN_UNREACHABLE_CODE = YES;
				CLANG_WARN__DUPLICATE_METHOD_MATCH = YES;
				COPY_PHASE_STRIP = NO;
				DEBUG_INFORMATION_FORMAT = dwarf;
				ENABLE_STRICT_OBJC_MSGSEND = YES;
				ENABLE_TESTABILITY = YES;
				GCC_C_LANGUAGE_STANDARD = gnu11;
				GCC_DYNAMIC_NO_PIC = NO;
				GCC_NO_COMMON_BLOCKS = YES;
				GCC_OPTIMIZATION_LEVEL = 0;
				GCC_PREPROCESSOR_DEFINITIONS = (
					"DEBUG=1",
					"$(inherited)",
				);
				GCC_WARN_64_TO_32_BIT_CONVERSION = YES;
				GCC_WARN_ABOUT_RETURN_TYPE = YES_ERROR;
				GCC_WARN_UNDECLARED_SELECTOR = YES;
				GCC_WARN_UNINITIALIZED_AUTOS = YES_AGGRESSIVE;
				GCC_WARN_UNUSED_FUNCTION = YES;
				GCC_WARN_UNUSED_VARIABLE = YES;
				IPHONEOS_DEPLOYMENT_TARGET = 15.0;
				MTL_ENABLE_DEBUG_INFO = INCLUDE_SOURCE;
				MTL_FAST_MATH = YES;
				ONLY_ACTIVE_ARCH = YES;
				SDKROOT = iphoneos;
				SWIFT_ACTIVE_COMPILATION_CONDITIONS = DEBUG;
				SWIFT_OPTIMIZATION_LEVEL = "-Onone";
			};
			name = Debug;
		};
		59FCE0C3271DB5C100F74F68 /* Release */ = {
			isa = XCBuildConfiguration;
			buildSettings = {
				ALWAYS_SEARCH_USER_PATHS = NO;
				CLANG_ANALYZER_NONNULL = YES;
				CLANG_ANALYZER_NUMBER_OBJECT_CONVERSION = YES_AGGRESSIVE;
				CLANG_CXX_LANGUAGE_STANDARD = "gnu++17";
				CLANG_CXX_LIBRARY = "libc++";
				CLANG_ENABLE_MODULES = YES;
				CLANG_ENABLE_OBJC_ARC = YES;
				CLANG_ENABLE_OBJC_WEAK = YES;
				CLANG_WARN_BLOCK_CAPTURE_AUTORELEASING = YES;
				CLANG_WARN_BOOL_CONVERSION = YES;
				CLANG_WARN_COMMA = YES;
				CLANG_WARN_CONSTANT_CONVERSION = YES;
				CLANG_WARN_DEPRECATED_OBJC_IMPLEMENTATIONS = YES;
				CLANG_WARN_DIRECT_OBJC_ISA_USAGE = YES_ERROR;
				CLANG_WARN_DOCUMENTATION_COMMENTS = YES;
				CLANG_WARN_EMPTY_BODY = YES;
				CLANG_WARN_ENUM_CONVERSION = YES;
				CLANG_WARN_INFINITE_RECURSION = YES;
				CLANG_WARN_INT_CONVERSION = YES;
				CLANG_WARN_NON_LITERAL_NULL_CONVERSION = YES;
				CLANG_WARN_OBJC_IMPLICIT_RETAIN_SELF = YES;
				CLANG_WARN_OBJC_LITERAL_CONVERSION = YES;
				CLANG_WARN_OBJC_ROOT_CLASS = YES_ERROR;
				CLANG_WARN_QUOTED_INCLUDE_IN_FRAMEWORK_HEADER = YES;
				CLANG_WARN_RANGE_LOOP_ANALYSIS = YES;
				CLANG_WARN_STRICT_PROTOTYPES = YES;
				CLANG_WARN_SUSPICIOUS_MOVE = YES;
				CLANG_WARN_UNGUARDED_AVAILABILITY = YES_AGGRESSIVE;
				CLANG_WARN_UNREACHABLE_CODE = YES;
				CLANG_WARN__DUPLICATE_METHOD_MATCH = YES;
				COPY_PHASE_STRIP = NO;
				DEBUG_INFORMATION_FORMAT = "dwarf-with-dsym";
				ENABLE_NS_ASSERTIONS = NO;
				ENABLE_STRICT_OBJC_MSGSEND = YES;
				GCC_C_LANGUAGE_STANDARD = gnu11;
				GCC_NO_COMMON_BLOCKS = YES;
				GCC_WARN_64_TO_32_BIT_CONVERSION = YES;
				GCC_WARN_ABOUT_RETURN_TYPE = YES_ERROR;
				GCC_WARN_UNDECLARED_SELECTOR = YES;
				GCC_WARN_UNINITIALIZED_AUTOS = YES_AGGRESSIVE;
				GCC_WARN_UNUSED_FUNCTION = YES;
				GCC_WARN_UNUSED_VARIABLE = YES;
				IPHONEOS_DEPLOYMENT_TARGET = 15.0;
				MTL_ENABLE_DEBUG_INFO = NO;
				MTL_FAST_MATH = YES;
				SDKROOT = iphoneos;
				SWIFT_COMPILATION_MODE = wholemodule;
				SWIFT_OPTIMIZATION_LEVEL = "-O";
				VALIDATE_PRODUCT = YES;
			};
			name = Release;
		};
		59FCE0C5271DB5C100F74F68 /* Debug */ = {
			isa = XCBuildConfiguration;
			buildSettings = {
				ASSETCATALOG_COMPILER_APPICON_NAME = AppIcon;
				ASSETCATALOG_COMPILER_GLOBAL_ACCENT_COLOR_NAME = AccentColor;
				CODE_SIGN_STYLE = Automatic;
				CURRENT_PROJECT_VERSION = 1;
				GENERATE_INFOPLIST_FILE = YES;
				INFOPLIST_FILE = SuperMail/Info.plist;
				INFOPLIST_KEY_UIApplicationSupportsIndirectInputEvents = YES;
				INFOPLIST_KEY_UILaunchStoryboardName = LaunchScreen;
				INFOPLIST_KEY_UISupportedInterfaceOrientations_iPad = "UIInterfaceOrientationPortrait UIInterfaceOrientationPortraitUpsideDown UIInterfaceOrientationLandscapeLeft UIInterfaceOrientationLandscapeRight";
				INFOPLIST_KEY_UISupportedInterfaceOrientations_iPhone = "UIInterfaceOrientationPortrait UIInterfaceOrientationLandscapeLeft UIInterfaceOrientationLandscapeRight";
				LD_RUNPATH_SEARCH_PATHS = (
					"$(inherited)",
					"@executable_path/Frameworks",
				);
				MARKETING_VERSION = 1.0;
				PRODUCT_BUNDLE_IDENTIFIER = com.superteam.SuperMail;
				PRODUCT_NAME = "$(TARGET_NAME)";
				SWIFT_EMIT_LOC_STRINGS = YES;
				SWIFT_VERSION = 5.0;
				TARGETED_DEVICE_FAMILY = "1,2";
			};
			name = Debug;
		};
		59FCE0C6271DB5C100F74F68 /* Release */ = {
			isa = XCBuildConfiguration;
			buildSettings = {
				ASSETCATALOG_COMPILER_APPICON_NAME = AppIcon;
				ASSETCATALOG_COMPILER_GLOBAL_ACCENT_COLOR_NAME = AccentColor;
				CODE_SIGN_STYLE = Automatic;
				CURRENT_PROJECT_VERSION = 1;
				GENERATE_INFOPLIST_FILE = YES;
				INFOPLIST_FILE = SuperMail/Info.plist;
				INFOPLIST_KEY_UIApplicationSupportsIndirectInputEvents = YES;
				INFOPLIST_KEY_UILaunchStoryboardName = LaunchScreen;
				INFOPLIST_KEY_UISupportedInterfaceOrientations_iPad = "UIInterfaceOrientationPortrait UIInterfaceOrientationPortraitUpsideDown UIInterfaceOrientationLandscapeLeft UIInterfaceOrientationLandscapeRight";
				INFOPLIST_KEY_UISupportedInterfaceOrientations_iPhone = "UIInterfaceOrientationPortrait UIInterfaceOrientationLandscapeLeft UIInterfaceOrientationLandscapeRight";
				LD_RUNPATH_SEARCH_PATHS = (
					"$(inherited)",
					"@executable_path/Frameworks",
				);
				MARKETING_VERSION = 1.0;
				PRODUCT_BUNDLE_IDENTIFIER = com.superteam.SuperMail;
				PRODUCT_NAME = "$(TARGET_NAME)";
				SWIFT_EMIT_LOC_STRINGS = YES;
				SWIFT_VERSION = 5.0;
				TARGETED_DEVICE_FAMILY = "1,2";
			};
			name = Release;
		};
/* End XCBuildConfiguration section */

/* Begin XCConfigurationList section */
		59FCE0A8271DB5BF00F74F68 /* Build configuration list for PBXProject "SuperMail" */ = {
			isa = XCConfigurationList;
			buildConfigurations = (
				59FCE0C2271DB5C100F74F68 /* Debug */,
				59FCE0C3271DB5C100F74F68 /* Release */,
			);
			defaultConfigurationIsVisible = 0;
			defaultConfigurationName = Release;
		};
		59FCE0C4271DB5C100F74F68 /* Build configuration list for PBXNativeTarget "SuperMail" */ = {
			isa = XCConfigurationList;
			buildConfigurations = (
				59FCE0C5271DB5C100F74F68 /* Debug */,
				59FCE0C6271DB5C100F74F68 /* Release */,
			);
			defaultConfigurationIsVisible = 0;
			defaultConfigurationName = Release;
		};
/* End XCConfigurationList section */

/* Begin XCVersionGroup section */
		59FCE0B9271DB5BF00F74F68 /* SuperMail.xcdatamodeld */ = {
			isa = XCVersionGroup;
			children = (
				59FCE0BA271DB5BF00F74F68 /* SuperMail.xcdatamodel */,
			);
			currentVersion = 59FCE0BA271DB5BF00F74F68 /* SuperMail.xcdatamodel */;
			path = SuperMail.xcdatamodeld;
			sourceTree = "<group>";
			versionGroupType = wrapper.xcdatamodel;
		};
/* End XCVersionGroup section */
	};
	rootObject = 59FCE0A5271DB5BF00F74F68 /* Project object */;
}
